
Microsoft Visual Studio Solution File, Format Version 12.00
# Visual Studio Version 16
VisualStudioVersion = 16.0.30517.126
MinimumVisualStudioVersion = 10.0.40219.1
Project("{FAE04EC0-301F-11D3-BF4B-00C04F79EFBC}") = "TransactionManagement.MVC.Data", "TransactionManagement.MVC.Data\TransactionManagement.MVC.Data.csproj", "{4A23D704-D1EB-496B-AF6A-31118681341C}"
EndProject
Project("{FAE04EC0-301F-11D3-BF4B-00C04F79EFBC}") = "TransactionManagement.MVC.Models", "TransactionManagement.MVC.Models\TransactionManagement.MVC.Models.csproj", "{03E14D0F-17D6-409D-BF01-12E16D2A0B3E}"
EndProject
Project("{FAE04EC0-301F-11D3-BF4B-00C04F79EFBC}") = "TransactionManagement.MVC.Services", "TransactionManagement.MVC.Services\TransactionManagement.MVC.Services.csproj", "{F76E9C1F-5821-432D-8967-F520BD22E324}"
EndProject
Project("{FAE04EC0-301F-11D3-BF4B-00C04F79EFBC}") = "Joshify", "Joshify\Joshify.csproj", "{A910A45A-21D9-4FD1-91E3-AAF1BDC321E4}"
EndProject
Global
	GlobalSection(SolutionConfigurationPlatforms) = preSolution
		Debug|Any CPU = Debug|Any CPU
		Release|Any CPU = Release|Any CPU
	EndGlobalSection
	GlobalSection(ProjectConfigurationPlatforms) = postSolution
		{4A23D704-D1EB-496B-AF6A-31118681341C}.Debug|Any CPU.ActiveCfg = Debug|Any CPU
		{4A23D704-D1EB-496B-AF6A-31118681341C}.Debug|Any CPU.Build.0 = Debug|Any CPU
		{4A23D704-D1EB-496B-AF6A-31118681341C}.Release|Any CPU.ActiveCfg = Release|Any CPU
		{4A23D704-D1EB-496B-AF6A-31118681341C}.Release|Any CPU.Build.0 = Release|Any CPU
		{03E14D0F-17D6-409D-BF01-12E16D2A0B3E}.Debug|Any CPU.ActiveCfg = Debug|Any CPU
		{03E14D0F-17D6-409D-BF01-12E16D2A0B3E}.Debug|Any CPU.Build.0 = Debug|Any CPU
		{03E14D0F-17D6-409D-BF01-12E16D2A0B3E}.Release|Any CPU.ActiveCfg = Release|Any CPU
		{03E14D0F-17D6-409D-BF01-12E16D2A0B3E}.Release|Any CPU.Build.0 = Release|Any CPU
		{F76E9C1F-5821-432D-8967-F520BD22E324}.Debug|Any CPU.ActiveCfg = Debug|Any CPU
		{F76E9C1F-5821-432D-8967-F520BD22E324}.Debug|Any CPU.Build.0 = Debug|Any CPU
		{F76E9C1F-5821-432D-8967-F520BD22E324}.Release|Any CPU.ActiveCfg = Release|Any CPU
		{F76E9C1F-5821-432D-8967-F520BD22E324}.Release|Any CPU.Build.0 = Release|Any CPU
		{A910A45A-21D9-4FD1-91E3-AAF1BDC321E4}.Debug|Any CPU.ActiveCfg = Debug|Any CPU
		{A910A45A-21D9-4FD1-91E3-AAF1BDC321E4}.Debug|Any CPU.Build.0 = Debug|Any CPU
		{A910A45A-21D9-4FD1-91E3-AAF1BDC321E4}.Release|Any CPU.ActiveCfg = Release|Any CPU
		{A910A45A-21D9-4FD1-91E3-AAF1BDC321E4}.Release|Any CPU.Build.0 = Release|Any CPU
	EndGlobalSection
	GlobalSection(SolutionProperties) = preSolution
		HideSolutionNode = FALSE
	EndGlobalSection
	GlobalSection(ExtensibilityGlobals) = postSolution
		SolutionGuid = {5EFDF41F-E80E-4AA8-83AA-9AEF4778EA78}
	EndGlobalSection
EndGlobal
